{
  "nodes": {
    "nix-colorizer": {
      "locked": {
        "lastModified": 1750078528,
        "narHash": "sha256-NuGAJx61f/r0xrpyOTUEsO+MDNpso0qE99k2/apv3as=",
        "owner": "nutsalhan87",
        "repo": "nix-colorizer",
        "rev": "c9ce6c710f4ed749f773104a8092a3e542dd1d7c",
        "type": "github"
      },
      "original": {
        "owner": "nutsalhan87",
        "repo": "nix-colorizer",
        "type": "github"
      }
    },
    "nixpkgs": {
      "locked": {
        "lastModified": 1768305791,
        "narHash": "sha256-AIdl6WAn9aymeaH/NvBj0H9qM+XuAuYbGMZaP0zcXAQ=",
        "owner": "nixos",
        "repo": "nixpkgs",
        "rev": "1412caf7bf9e660f2f962917c14b1ea1c3bc695e",
        "type": "github"
      },
      "original": {
        "owner": "nixos",
        "ref": "nixos-unstable",
        "repo": "nixpkgs",
        "type": "github"
      }
    },
    "root": {
      "inputs": {
        "nix-colorizer": "nix-colorizer",
        "nixpkgs": "nixpkgs",
        "signal-palette": "signal-palette"
      }
    },
    "signal-palette": {
      "locked": {
        "lastModified": 1768577269,
        "narHash": "sha256-rxpU87t6nK4fVOx9QP1YafBjrxEKFo3o0DEETh2Hoyk=",
        "owner": "lewisflude",
        "repo": "signal-palette",
        "rev": "e566a406056d0475737e99a4d24bb84d2c7ef740",
        "type": "github"
      },
      "original": {
        "owner": "lewisflude",
        "repo": "signal-palette",
        "type": "github"
      }
    }
  },
  "root": "root",
  "version": 7
}
